
Microsoft Visual Studio Solution File, Format Version 12.00
# Visual Studio Version 16
VisualStudioVersion = 16.0.29411.108
MinimumVisualStudioVersion = 10.0.40219.1
Project("{9A19103F-16F7-4668-BE54-9A1E7A4F7556}") = "Toolbox.Standard", "Toolbox.Standard\Toolbox.Standard.csproj", "{366AF056-3E9A-4AB8-A8EE-F94A98AD54F2}"
EndProject
Project("{2150E333-8FDC-42A3-9474-1A3956D46DE8}") = "Tests", "Tests", "{9D09F860-56E2-4388-B177-89DAB3C3010A}"
EndProject
Project("{9A19103F-16F7-4668-BE54-9A1E7A4F7556}") = "Toolbox.Standard.Test", "..\..\Test\Toolbox.Standard.Test\Toolbox.Standard.Test.csproj", "{B4BAD5D6-0B85-4F7F-8B8F-6FB3F181CC59}"
EndProject
Project("{9A19103F-16F7-4668-BE54-9A1E7A4F7556}") = "EventHubPerformanceTest", "..\..\Test\EventHubPerformanceTest\EventHubPerformanceTest.csproj", "{B3D18F3B-C59B-4490-9E9F-9D85D8D71673}"
EndProject
Project("{FAE04EC0-301F-11D3-BF4B-00C04F79EFBC}") = "Toolbox.Core.Extensions.Configuration", "Toolbox.Core.Extensions.Configuration\Toolbox.Core.Extensions.Configuration.csproj", "{9A08829A-6762-490D-8108-DC0B63969511}"
EndProject
Project("{FAE04EC0-301F-11D3-BF4B-00C04F79EFBC}") = "Toolbox.Core.Extensions.Configuration.Test", "..\..\Test\Toolbox.Core.Extensions.Configuration.Test\Toolbox.Core.Extensions.Configuration.Test.csproj", "{CC7BED2E-53C1-4FC1-BBAC-6458AE6815AD}"
EndProject
Global
	GlobalSection(SolutionConfigurationPlatforms) = preSolution
		Debug|Any CPU = Debug|Any CPU
		Release|Any CPU = Release|Any CPU
	EndGlobalSection
	GlobalSection(ProjectConfigurationPlatforms) = postSolution
		{366AF056-3E9A-4AB8-A8EE-F94A98AD54F2}.Debug|Any CPU.ActiveCfg = Debug|Any CPU
		{366AF056-3E9A-4AB8-A8EE-F94A98AD54F2}.Debug|Any CPU.Build.0 = Debug|Any CPU
		{366AF056-3E9A-4AB8-A8EE-F94A98AD54F2}.Release|Any CPU.ActiveCfg = Release|Any CPU
		{366AF056-3E9A-4AB8-A8EE-F94A98AD54F2}.Release|Any CPU.Build.0 = Release|Any CPU
		{B4BAD5D6-0B85-4F7F-8B8F-6FB3F181CC59}.Debug|Any CPU.ActiveCfg = Debug|Any CPU
		{B4BAD5D6-0B85-4F7F-8B8F-6FB3F181CC59}.Debug|Any CPU.Build.0 = Debug|Any CPU
		{B4BAD5D6-0B85-4F7F-8B8F-6FB3F181CC59}.Release|Any CPU.ActiveCfg = Release|Any CPU
		{B4BAD5D6-0B85-4F7F-8B8F-6FB3F181CC59}.Release|Any CPU.Build.0 = Release|Any CPU
		{B3D18F3B-C59B-4490-9E9F-9D85D8D71673}.Debug|Any CPU.ActiveCfg = Debug|Any CPU
		{B3D18F3B-C59B-4490-9E9F-9D85D8D71673}.Debug|Any CPU.Build.0 = Debug|Any CPU
		{B3D18F3B-C59B-4490-9E9F-9D85D8D71673}.Release|Any CPU.ActiveCfg = Release|Any CPU
		{B3D18F3B-C59B-4490-9E9F-9D85D8D71673}.Release|Any CPU.Build.0 = Release|Any CPU
		{9A08829A-6762-490D-8108-DC0B63969511}.Debug|Any CPU.ActiveCfg = Debug|Any CPU
		{9A08829A-6762-490D-8108-DC0B63969511}.Debug|Any CPU.Build.0 = Debug|Any CPU
		{9A08829A-6762-490D-8108-DC0B63969511}.Release|Any CPU.ActiveCfg = Release|Any CPU
		{9A08829A-6762-490D-8108-DC0B63969511}.Release|Any CPU.Build.0 = Release|Any CPU
		{CC7BED2E-53C1-4FC1-BBAC-6458AE6815AD}.Debug|Any CPU.ActiveCfg = Debug|Any CPU
		{CC7BED2E-53C1-4FC1-BBAC-6458AE6815AD}.Debug|Any CPU.Build.0 = Debug|Any CPU
		{CC7BED2E-53C1-4FC1-BBAC-6458AE6815AD}.Release|Any CPU.ActiveCfg = Release|Any CPU
		{CC7BED2E-53C1-4FC1-BBAC-6458AE6815AD}.Release|Any CPU.Build.0 = Release|Any CPU
	EndGlobalSection
	GlobalSection(SolutionProperties) = preSolution
		HideSolutionNode = FALSE
	EndGlobalSection
	GlobalSection(NestedProjects) = preSolution
		{B4BAD5D6-0B85-4F7F-8B8F-6FB3F181CC59} = {9D09F860-56E2-4388-B177-89DAB3C3010A}
		{B3D18F3B-C59B-4490-9E9F-9D85D8D71673} = {9D09F860-56E2-4388-B177-89DAB3C3010A}
		{CC7BED2E-53C1-4FC1-BBAC-6458AE6815AD} = {9D09F860-56E2-4388-B177-89DAB3C3010A}
	EndGlobalSection
	GlobalSection(ExtensibilityGlobals) = postSolution
		SolutionGuid = {35BE6AA3-91F5-44F4-857E-D28D3F05FB51}
	EndGlobalSection
EndGlobal
