
Microsoft Visual Studio Solution File, Format Version 12.00
# Visual Studio Version 16
VisualStudioVersion = 16.0.29411.108
MinimumVisualStudioVersion = 10.0.40219.1
Project("{9A19103F-16F7-4668-BE54-9A1E7A4F7556}") = "Toolbox.Standard", "Toolbox.Standard\Toolbox.Standard.csproj", "{366AF056-3E9A-4AB8-A8EE-F94A98AD54F2}"
EndProject
Project("{2150E333-8FDC-42A3-9474-1A3956D46DE8}") = "Tests", "Tests", "{9D09F860-56E2-4388-B177-89DAB3C3010A}"
EndProject
Project("{9A19103F-16F7-4668-BE54-9A1E7A4F7556}") = "Toolbox.Configuration", "Toolbox.Configuration\Toolbox.Configuration.csproj", "{9A08829A-6762-490D-8108-DC0B63969511}"
EndProject
Project("{9A19103F-16F7-4668-BE54-9A1E7A4F7556}") = "Toolbox.Actor", "Toolbox.Actor\Toolbox.Actor.csproj", "{FEF0B9D1-989C-45A6-B5B0-B2B1D6BB5CEE}"
EndProject
Project("{9A19103F-16F7-4668-BE54-9A1E7A4F7556}") = "Toolbox.Autofac", "Toolbox.Autofac\Toolbox.Autofac.csproj", "{B78E4C60-BB43-41AD-B3E6-E9A95FDD97BC}"
EndProject
Project("{9A19103F-16F7-4668-BE54-9A1E7A4F7556}") = "Toolbox.Graph", "Toolbox.Graph\Toolbox.Graph.csproj", "{08DF477F-BCC8-4942-9845-CD8FEA3168BC}"
EndProject
Project("{9A19103F-16F7-4668-BE54-9A1E7A4F7556}") = "Toolbox.BlockDocument", "Toolbox.BlockDocument\Toolbox.BlockDocument.csproj", "{AC6FFFCD-434D-4B22-A2D4-A5004B838FA3}"
EndProject
Project("{9A19103F-16F7-4668-BE54-9A1E7A4F7556}") = "Toolbox.Azure", "Toolbox.Azure\Toolbox.Azure.csproj", "{C2E6A755-5E86-4FDB-B33A-7D9DAC15C551}"
EndProject
Project("{2150E333-8FDC-42A3-9474-1A3956D46DE8}") = "Solution Items", "Solution Items", "{910584D5-C470-4FA3-90EF-AD56B7A6BD2C}"
	ProjectSection(SolutionItems) = preProject
		.editorconfig = .editorconfig
	EndProjectSection
EndProject
Project("{9A19103F-16F7-4668-BE54-9A1E7A4F7556}") = "Toolbox.Security", "Toolbox.Security\Toolbox.Security.csproj", "{6C0C5F40-06BC-4F03-AF7A-6429FBE36A93}"
EndProject
Project("{9A19103F-16F7-4668-BE54-9A1E7A4F7556}") = "Toolbox.Actor.Tests", "..\..\Test\Toolbox.Actor.Tests\Toolbox.Actor.Tests.csproj", "{8B8935ED-7E98-4145-9537-1A97674ED3A3}"
EndProject
Project("{9A19103F-16F7-4668-BE54-9A1E7A4F7556}") = "ToolBox.Azure.Test", "..\..\Test\ToolBox.Azure.Test\ToolBox.Azure.Test.csproj", "{79E42CD5-5015-407B-8E47-889193A821C9}"
EndProject
Project("{9A19103F-16F7-4668-BE54-9A1E7A4F7556}") = "Toolbox.BlockDocument.Test", "..\..\Test\Toolbox.BlockDocument.Test\Toolbox.BlockDocument.Test.csproj", "{FF51F180-44BC-44CA-9687-24D74BF09C0B}"
EndProject
Project("{9A19103F-16F7-4668-BE54-9A1E7A4F7556}") = "Toolbox.Configuration.Test", "..\..\Test\Toolbox.Configuration.Test\Toolbox.Configuration.Test.csproj", "{B931CAA7-E775-4760-97A2-B36C309E609B}"
EndProject
Project("{9A19103F-16F7-4668-BE54-9A1E7A4F7556}") = "Toolbox.Graph.Test", "..\..\Test\Toolbox.Graph.Test\Toolbox.Graph.Test.csproj", "{D2ADC174-AE71-430B-AE89-CD45E534918A}"
EndProject
Project("{9A19103F-16F7-4668-BE54-9A1E7A4F7556}") = "Toolbox.Security.Test", "..\..\Test\Toolbox.Security.Test\Toolbox.Security.Test.csproj", "{128B2955-D84F-4022-8F41-B8D04CE56482}"
EndProject
Project("{9A19103F-16F7-4668-BE54-9A1E7A4F7556}") = "Toolbox.Standard.Test", "..\..\Test\Toolbox.Standard.Test\Toolbox.Standard.Test.csproj", "{88893777-E62C-443B-9909-66DCA877C220}"
EndProject
Project("{9A19103F-16F7-4668-BE54-9A1E7A4F7556}") = "Toolbox.Run", "Toolbox.Run\Toolbox.Run.csproj", "{E697911B-C294-4BB5-B8C8-500D99611FFB}"
EndProject
Project("{9A19103F-16F7-4668-BE54-9A1E7A4F7556}") = "Toolbox.Run.Test", "..\..\Test\Toolbox.Run.Test\Toolbox.Run.Test.csproj", "{F3C150D5-59CB-48E3-A85F-A3FD6D24ECE4}"
EndProject
Project("{9A19103F-16F7-4668-BE54-9A1E7A4F7556}") = "Toolbox.MessageBroker", "Toolbox.MessageBroker\Toolbox.MessageBroker.csproj", "{D249CC69-5A09-4B52-AF36-519C7A4A7B5B}"
EndProject
Project("{FAE04EC0-301F-11D3-BF4B-00C04F79EFBC}") = "Toolbox.MessageBroker.Test", "..\..\Test\Toolbox.MessageBroker.Test\Toolbox.MessageBroker.Test.csproj", "{D1786DB5-B932-4151-8287-39DF262FC42C}"
EndProject
Global
	GlobalSection(SolutionConfigurationPlatforms) = preSolution
		Debug|Any CPU = Debug|Any CPU
		Release|Any CPU = Release|Any CPU
	EndGlobalSection
	GlobalSection(ProjectConfigurationPlatforms) = postSolution
		{366AF056-3E9A-4AB8-A8EE-F94A98AD54F2}.Debug|Any CPU.ActiveCfg = Debug|Any CPU
		{366AF056-3E9A-4AB8-A8EE-F94A98AD54F2}.Debug|Any CPU.Build.0 = Debug|Any CPU
		{366AF056-3E9A-4AB8-A8EE-F94A98AD54F2}.Release|Any CPU.ActiveCfg = Release|Any CPU
		{366AF056-3E9A-4AB8-A8EE-F94A98AD54F2}.Release|Any CPU.Build.0 = Release|Any CPU
		{9A08829A-6762-490D-8108-DC0B63969511}.Debug|Any CPU.ActiveCfg = Debug|Any CPU
		{9A08829A-6762-490D-8108-DC0B63969511}.Debug|Any CPU.Build.0 = Debug|Any CPU
		{9A08829A-6762-490D-8108-DC0B63969511}.Release|Any CPU.ActiveCfg = Release|Any CPU
		{9A08829A-6762-490D-8108-DC0B63969511}.Release|Any CPU.Build.0 = Release|Any CPU
		{FEF0B9D1-989C-45A6-B5B0-B2B1D6BB5CEE}.Debug|Any CPU.ActiveCfg = Debug|Any CPU
		{FEF0B9D1-989C-45A6-B5B0-B2B1D6BB5CEE}.Debug|Any CPU.Build.0 = Debug|Any CPU
		{FEF0B9D1-989C-45A6-B5B0-B2B1D6BB5CEE}.Release|Any CPU.ActiveCfg = Release|Any CPU
		{FEF0B9D1-989C-45A6-B5B0-B2B1D6BB5CEE}.Release|Any CPU.Build.0 = Release|Any CPU
		{B78E4C60-BB43-41AD-B3E6-E9A95FDD97BC}.Debug|Any CPU.ActiveCfg = Debug|Any CPU
		{B78E4C60-BB43-41AD-B3E6-E9A95FDD97BC}.Debug|Any CPU.Build.0 = Debug|Any CPU
		{B78E4C60-BB43-41AD-B3E6-E9A95FDD97BC}.Release|Any CPU.ActiveCfg = Release|Any CPU
		{B78E4C60-BB43-41AD-B3E6-E9A95FDD97BC}.Release|Any CPU.Build.0 = Release|Any CPU
		{08DF477F-BCC8-4942-9845-CD8FEA3168BC}.Debug|Any CPU.ActiveCfg = Debug|Any CPU
		{08DF477F-BCC8-4942-9845-CD8FEA3168BC}.Debug|Any CPU.Build.0 = Debug|Any CPU
		{08DF477F-BCC8-4942-9845-CD8FEA3168BC}.Release|Any CPU.ActiveCfg = Release|Any CPU
		{08DF477F-BCC8-4942-9845-CD8FEA3168BC}.Release|Any CPU.Build.0 = Release|Any CPU
		{AC6FFFCD-434D-4B22-A2D4-A5004B838FA3}.Debug|Any CPU.ActiveCfg = Debug|Any CPU
		{AC6FFFCD-434D-4B22-A2D4-A5004B838FA3}.Debug|Any CPU.Build.0 = Debug|Any CPU
		{AC6FFFCD-434D-4B22-A2D4-A5004B838FA3}.Release|Any CPU.ActiveCfg = Release|Any CPU
		{AC6FFFCD-434D-4B22-A2D4-A5004B838FA3}.Release|Any CPU.Build.0 = Release|Any CPU
		{C2E6A755-5E86-4FDB-B33A-7D9DAC15C551}.Debug|Any CPU.ActiveCfg = Debug|Any CPU
		{C2E6A755-5E86-4FDB-B33A-7D9DAC15C551}.Debug|Any CPU.Build.0 = Debug|Any CPU
		{C2E6A755-5E86-4FDB-B33A-7D9DAC15C551}.Release|Any CPU.ActiveCfg = Release|Any CPU
		{C2E6A755-5E86-4FDB-B33A-7D9DAC15C551}.Release|Any CPU.Build.0 = Release|Any CPU
		{6C0C5F40-06BC-4F03-AF7A-6429FBE36A93}.Debug|Any CPU.ActiveCfg = Debug|Any CPU
		{6C0C5F40-06BC-4F03-AF7A-6429FBE36A93}.Debug|Any CPU.Build.0 = Debug|Any CPU
		{6C0C5F40-06BC-4F03-AF7A-6429FBE36A93}.Release|Any CPU.ActiveCfg = Release|Any CPU
		{6C0C5F40-06BC-4F03-AF7A-6429FBE36A93}.Release|Any CPU.Build.0 = Release|Any CPU
		{8B8935ED-7E98-4145-9537-1A97674ED3A3}.Debug|Any CPU.ActiveCfg = Debug|Any CPU
		{8B8935ED-7E98-4145-9537-1A97674ED3A3}.Debug|Any CPU.Build.0 = Debug|Any CPU
		{8B8935ED-7E98-4145-9537-1A97674ED3A3}.Release|Any CPU.ActiveCfg = Release|Any CPU
		{8B8935ED-7E98-4145-9537-1A97674ED3A3}.Release|Any CPU.Build.0 = Release|Any CPU
		{79E42CD5-5015-407B-8E47-889193A821C9}.Debug|Any CPU.ActiveCfg = Debug|Any CPU
		{79E42CD5-5015-407B-8E47-889193A821C9}.Debug|Any CPU.Build.0 = Debug|Any CPU
		{79E42CD5-5015-407B-8E47-889193A821C9}.Release|Any CPU.ActiveCfg = Release|Any CPU
		{79E42CD5-5015-407B-8E47-889193A821C9}.Release|Any CPU.Build.0 = Release|Any CPU
		{FF51F180-44BC-44CA-9687-24D74BF09C0B}.Debug|Any CPU.ActiveCfg = Debug|Any CPU
		{FF51F180-44BC-44CA-9687-24D74BF09C0B}.Debug|Any CPU.Build.0 = Debug|Any CPU
		{FF51F180-44BC-44CA-9687-24D74BF09C0B}.Release|Any CPU.ActiveCfg = Release|Any CPU
		{FF51F180-44BC-44CA-9687-24D74BF09C0B}.Release|Any CPU.Build.0 = Release|Any CPU
		{B931CAA7-E775-4760-97A2-B36C309E609B}.Debug|Any CPU.ActiveCfg = Debug|Any CPU
		{B931CAA7-E775-4760-97A2-B36C309E609B}.Debug|Any CPU.Build.0 = Debug|Any CPU
		{B931CAA7-E775-4760-97A2-B36C309E609B}.Release|Any CPU.ActiveCfg = Release|Any CPU
		{B931CAA7-E775-4760-97A2-B36C309E609B}.Release|Any CPU.Build.0 = Release|Any CPU
		{D2ADC174-AE71-430B-AE89-CD45E534918A}.Debug|Any CPU.ActiveCfg = Debug|Any CPU
		{D2ADC174-AE71-430B-AE89-CD45E534918A}.Debug|Any CPU.Build.0 = Debug|Any CPU
		{D2ADC174-AE71-430B-AE89-CD45E534918A}.Release|Any CPU.ActiveCfg = Release|Any CPU
		{D2ADC174-AE71-430B-AE89-CD45E534918A}.Release|Any CPU.Build.0 = Release|Any CPU
		{128B2955-D84F-4022-8F41-B8D04CE56482}.Debug|Any CPU.ActiveCfg = Debug|Any CPU
		{128B2955-D84F-4022-8F41-B8D04CE56482}.Debug|Any CPU.Build.0 = Debug|Any CPU
		{128B2955-D84F-4022-8F41-B8D04CE56482}.Release|Any CPU.ActiveCfg = Release|Any CPU
		{128B2955-D84F-4022-8F41-B8D04CE56482}.Release|Any CPU.Build.0 = Release|Any CPU
		{88893777-E62C-443B-9909-66DCA877C220}.Debug|Any CPU.ActiveCfg = Debug|Any CPU
		{88893777-E62C-443B-9909-66DCA877C220}.Debug|Any CPU.Build.0 = Debug|Any CPU
		{88893777-E62C-443B-9909-66DCA877C220}.Release|Any CPU.ActiveCfg = Release|Any CPU
		{88893777-E62C-443B-9909-66DCA877C220}.Release|Any CPU.Build.0 = Release|Any CPU
		{E697911B-C294-4BB5-B8C8-500D99611FFB}.Debug|Any CPU.ActiveCfg = Debug|Any CPU
		{E697911B-C294-4BB5-B8C8-500D99611FFB}.Debug|Any CPU.Build.0 = Debug|Any CPU
		{E697911B-C294-4BB5-B8C8-500D99611FFB}.Release|Any CPU.ActiveCfg = Release|Any CPU
		{E697911B-C294-4BB5-B8C8-500D99611FFB}.Release|Any CPU.Build.0 = Release|Any CPU
		{F3C150D5-59CB-48E3-A85F-A3FD6D24ECE4}.Debug|Any CPU.ActiveCfg = Debug|Any CPU
		{F3C150D5-59CB-48E3-A85F-A3FD6D24ECE4}.Debug|Any CPU.Build.0 = Debug|Any CPU
		{F3C150D5-59CB-48E3-A85F-A3FD6D24ECE4}.Release|Any CPU.ActiveCfg = Release|Any CPU
		{F3C150D5-59CB-48E3-A85F-A3FD6D24ECE4}.Release|Any CPU.Build.0 = Release|Any CPU
		{D249CC69-5A09-4B52-AF36-519C7A4A7B5B}.Debug|Any CPU.ActiveCfg = Debug|Any CPU
		{D249CC69-5A09-4B52-AF36-519C7A4A7B5B}.Debug|Any CPU.Build.0 = Debug|Any CPU
		{D249CC69-5A09-4B52-AF36-519C7A4A7B5B}.Release|Any CPU.ActiveCfg = Release|Any CPU
		{D249CC69-5A09-4B52-AF36-519C7A4A7B5B}.Release|Any CPU.Build.0 = Release|Any CPU
		{D1786DB5-B932-4151-8287-39DF262FC42C}.Debug|Any CPU.ActiveCfg = Debug|Any CPU
		{D1786DB5-B932-4151-8287-39DF262FC42C}.Debug|Any CPU.Build.0 = Debug|Any CPU
		{D1786DB5-B932-4151-8287-39DF262FC42C}.Release|Any CPU.ActiveCfg = Release|Any CPU
		{D1786DB5-B932-4151-8287-39DF262FC42C}.Release|Any CPU.Build.0 = Release|Any CPU
	EndGlobalSection
	GlobalSection(SolutionProperties) = preSolution
		HideSolutionNode = FALSE
	EndGlobalSection
	GlobalSection(NestedProjects) = preSolution
		{8B8935ED-7E98-4145-9537-1A97674ED3A3} = {9D09F860-56E2-4388-B177-89DAB3C3010A}
		{79E42CD5-5015-407B-8E47-889193A821C9} = {9D09F860-56E2-4388-B177-89DAB3C3010A}
		{FF51F180-44BC-44CA-9687-24D74BF09C0B} = {9D09F860-56E2-4388-B177-89DAB3C3010A}
		{B931CAA7-E775-4760-97A2-B36C309E609B} = {9D09F860-56E2-4388-B177-89DAB3C3010A}
		{D2ADC174-AE71-430B-AE89-CD45E534918A} = {9D09F860-56E2-4388-B177-89DAB3C3010A}
		{128B2955-D84F-4022-8F41-B8D04CE56482} = {9D09F860-56E2-4388-B177-89DAB3C3010A}
		{88893777-E62C-443B-9909-66DCA877C220} = {9D09F860-56E2-4388-B177-89DAB3C3010A}
		{F3C150D5-59CB-48E3-A85F-A3FD6D24ECE4} = {9D09F860-56E2-4388-B177-89DAB3C3010A}
		{D1786DB5-B932-4151-8287-39DF262FC42C} = {9D09F860-56E2-4388-B177-89DAB3C3010A}
	EndGlobalSection
	GlobalSection(ExtensibilityGlobals) = postSolution
		SolutionGuid = {35BE6AA3-91F5-44F4-857E-D28D3F05FB51}
	EndGlobalSection
EndGlobal
